
Microsoft Visual Studio Solution File, Format Version 12.00
# Visual Studio Version 16
VisualStudioVersion = 16.0.29519.181
MinimumVisualStudioVersion = 10.0.40219.1
Project("{9A19103F-16F7-4668-BE54-9A1E7A4F7556}") = "TravelRepublic", "TravelRepublic\TravelRepublic.csproj", "{A2D61187-BAFB-4D12-8142-6F09CD77A9A7}"
EndProject
Project("{FAE04EC0-301F-11D3-BF4B-00C04F79EFBC}") = "TravelRepublic.Tests", "TravelRepublic.Tests\TravelRepublic.Tests.csproj", "{BBBD83D7-F691-4B4A-83BC-AE40CB95F9DF}"
EndProject
Global
	GlobalSection(SolutionConfigurationPlatforms) = preSolution
		Debug|Any CPU = Debug|Any CPU
		Release|Any CPU = Release|Any CPU
	EndGlobalSection
	GlobalSection(ProjectConfigurationPlatforms) = postSolution
		{A2D61187-BAFB-4D12-8142-6F09CD77A9A7}.Debug|Any CPU.ActiveCfg = Debug|Any CPU
		{A2D61187-BAFB-4D12-8142-6F09CD77A9A7}.Debug|Any CPU.Build.0 = Debug|Any CPU
		{A2D61187-BAFB-4D12-8142-6F09CD77A9A7}.Release|Any CPU.ActiveCfg = Release|Any CPU
		{A2D61187-BAFB-4D12-8142-6F09CD77A9A7}.Release|Any CPU.Build.0 = Release|Any CPU
		{BBBD83D7-F691-4B4A-83BC-AE40CB95F9DF}.Debug|Any CPU.ActiveCfg = Debug|Any CPU
		{BBBD83D7-F691-4B4A-83BC-AE40CB95F9DF}.Debug|Any CPU.Build.0 = Debug|Any CPU
		{BBBD83D7-F691-4B4A-83BC-AE40CB95F9DF}.Release|Any CPU.ActiveCfg = Release|Any CPU
		{BBBD83D7-F691-4B4A-83BC-AE40CB95F9DF}.Release|Any CPU.Build.0 = Release|Any CPU
	EndGlobalSection
	GlobalSection(SolutionProperties) = preSolution
		HideSolutionNode = FALSE
	EndGlobalSection
	GlobalSection(ExtensibilityGlobals) = postSolution
		SolutionGuid = {0EA722EB-2BAF-4F71-B1AE-75C758501821}
	EndGlobalSection
EndGlobal
